
Microsoft Visual Studio Solution File, Format Version 12.00
# Visual Studio Version 17
VisualStudioVersion = 17.0.31903.59
MinimumVisualStudioVersion = 10.0.40219.1
Project("{2150E333-8FDC-42A3-9474-1A3956D46DE8}") = "src", "src", "{827E0CD3-B72D-47B6-A68D-7590B98EB39B}"
EndProject
Project("{FAE04EC0-301F-11D3-BF4B-00C04F79EFBC}") = "BrightnessControl.Core", "src\BrightnessControl.Core\BrightnessControl.Core.csproj", "{62C23476-6197-48AD-8B58-69884F32CED2}"
EndProject
Project("{FAE04EC0-301F-11D3-BF4B-00C04F79EFBC}") = "BrightnessControl.Core.Tests", "tests\BrightnessControl.Core.Tests\BrightnessControl.Core.Tests.csproj", "{5ECA5ED9-FB30-44C2-B683-34B6BAD664CE}"
EndProject
Project("{2150E333-8FDC-42A3-9474-1A3956D46DE8}") = "tools", "tools", "{07C2787E-EAC7-C090-1BA3-A61EC2A24D84}"
EndProject
Project("{FAE04EC0-301F-11D3-BF4B-00C04F79EFBC}") = "BrightnessControl.Diagnostics", "tools\BrightnessControl.Diagnostics\BrightnessControl.Diagnostics.csproj", "{617C86BC-46C9-4A1D-A4C8-E10AD7F9886B}"
EndProject
Project("{FAE04EC0-301F-11D3-BF4B-00C04F79EFBC}") = "BrightnessControl.App", "src\BrightnessControl.App\BrightnessControl.App.csproj", "{78094558-E8D8-4DD4-BA61-7E2568107AE7}"
EndProject
Global
	GlobalSection(SolutionConfigurationPlatforms) = preSolution
		Debug|Any CPU = Debug|Any CPU
		Debug|x64 = Debug|x64
		Debug|x86 = Debug|x86
		Release|Any CPU = Release|Any CPU
		Release|x64 = Release|x64
		Release|x86 = Release|x86
	EndGlobalSection
	GlobalSection(ProjectConfigurationPlatforms) = postSolution
		{62C23476-6197-48AD-8B58-69884F32CED2}.Debug|Any CPU.ActiveCfg = Debug|Any CPU
		{62C23476-6197-48AD-8B58-69884F32CED2}.Debug|Any CPU.Build.0 = Debug|Any CPU
		{62C23476-6197-48AD-8B58-69884F32CED2}.Debug|x64.ActiveCfg = Debug|Any CPU
		{62C23476-6197-48AD-8B58-69884F32CED2}.Debug|x64.Build.0 = Debug|Any CPU
		{62C23476-6197-48AD-8B58-69884F32CED2}.Debug|x86.ActiveCfg = Debug|Any CPU
		{62C23476-6197-48AD-8B58-69884F32CED2}.Debug|x86.Build.0 = Debug|Any CPU
		{62C23476-6197-48AD-8B58-69884F32CED2}.Release|Any CPU.ActiveCfg = Release|Any CPU
		{62C23476-6197-48AD-8B58-69884F32CED2}.Release|Any CPU.Build.0 = Release|Any CPU
		{62C23476-6197-48AD-8B58-69884F32CED2}.Release|x64.ActiveCfg = Release|Any CPU
		{62C23476-6197-48AD-8B58-69884F32CED2}.Release|x64.Build.0 = Release|Any CPU
		{62C23476-6197-48AD-8B58-69884F32CED2}.Release|x86.ActiveCfg = Release|Any CPU
		{62C23476-6197-48AD-8B58-69884F32CED2}.Release|x86.Build.0 = Release|Any CPU
		{5ECA5ED9-FB30-44C2-B683-34B6BAD664CE}.Debug|Any CPU.ActiveCfg = Debug|Any CPU
		{5ECA5ED9-FB30-44C2-B683-34B6BAD664CE}.Debug|Any CPU.Build.0 = Debug|Any CPU
		{5ECA5ED9-FB30-44C2-B683-34B6BAD664CE}.Debug|x64.ActiveCfg = Debug|Any CPU
		{5ECA5ED9-FB30-44C2-B683-34B6BAD664CE}.Debug|x64.Build.0 = Debug|Any CPU
		{5ECA5ED9-FB30-44C2-B683-34B6BAD664CE}.Debug|x86.ActiveCfg = Debug|Any CPU
		{5ECA5ED9-FB30-44C2-B683-34B6BAD664CE}.Debug|x86.Build.0 = Debug|Any CPU
		{5ECA5ED9-FB30-44C2-B683-34B6BAD664CE}.Release|Any CPU.ActiveCfg = Release|Any CPU
		{5ECA5ED9-FB30-44C2-B683-34B6BAD664CE}.Release|Any CPU.Build.0 = Release|Any CPU
		{5ECA5ED9-FB30-44C2-B683-34B6BAD664CE}.Release|x64.ActiveCfg = Release|Any CPU
		{5ECA5ED9-FB30-44C2-B683-34B6BAD664CE}.Release|x64.Build.0 = Release|Any CPU
		{5ECA5ED9-FB30-44C2-B683-34B6BAD664CE}.Release|x86.ActiveCfg = Release|Any CPU
		{5ECA5ED9-FB30-44C2-B683-34B6BAD664CE}.Release|x86.Build.0 = Release|Any CPU
		{617C86BC-46C9-4A1D-A4C8-E10AD7F9886B}.Debug|Any CPU.ActiveCfg = Debug|Any CPU
		{617C86BC-46C9-4A1D-A4C8-E10AD7F9886B}.Debug|Any CPU.Build.0 = Debug|Any CPU
		{617C86BC-46C9-4A1D-A4C8-E10AD7F9886B}.Debug|x64.ActiveCfg = Debug|Any CPU
		{617C86BC-46C9-4A1D-A4C8-E10AD7F9886B}.Debug|x64.Build.0 = Debug|Any CPU
		{617C86BC-46C9-4A1D-A4C8-E10AD7F9886B}.Debug|x86.ActiveCfg = Debug|Any CPU
		{617C86BC-46C9-4A1D-A4C8-E10AD7F9886B}.Debug|x86.Build.0 = Debug|Any CPU
		{617C86BC-46C9-4A1D-A4C8-E10AD7F9886B}.Release|Any CPU.ActiveCfg = Release|Any CPU
		{617C86BC-46C9-4A1D-A4C8-E10AD7F9886B}.Release|Any CPU.Build.0 = Release|Any CPU
		{617C86BC-46C9-4A1D-A4C8-E10AD7F9886B}.Release|x64.ActiveCfg = Release|Any CPU
		{617C86BC-46C9-4A1D-A4C8-E10AD7F9886B}.Release|x64.Build.0 = Release|Any CPU
		{617C86BC-46C9-4A1D-A4C8-E10AD7F9886B}.Release|x86.ActiveCfg = Release|Any CPU
		{617C86BC-46C9-4A1D-A4C8-E10AD7F9886B}.Release|x86.Build.0 = Release|Any CPU
		{78094558-E8D8-4DD4-BA61-7E2568107AE7}.Debug|Any CPU.ActiveCfg = Debug|Any CPU
		{78094558-E8D8-4DD4-BA61-7E2568107AE7}.Debug|Any CPU.Build.0 = Debug|Any CPU
		{78094558-E8D8-4DD4-BA61-7E2568107AE7}.Debug|x64.ActiveCfg = Debug|Any CPU
		{78094558-E8D8-4DD4-BA61-7E2568107AE7}.Debug|x64.Build.0 = Debug|Any CPU
		{78094558-E8D8-4DD4-BA61-7E2568107AE7}.Debug|x86.ActiveCfg = Debug|Any CPU
		{78094558-E8D8-4DD4-BA61-7E2568107AE7}.Debug|x86.Build.0 = Debug|Any CPU
		{78094558-E8D8-4DD4-BA61-7E2568107AE7}.Release|Any CPU.ActiveCfg = Release|Any CPU
		{78094558-E8D8-4DD4-BA61-7E2568107AE7}.Release|Any CPU.Build.0 = Release|Any CPU
		{78094558-E8D8-4DD4-BA61-7E2568107AE7}.Release|x64.ActiveCfg = Release|Any CPU
		{78094558-E8D8-4DD4-BA61-7E2568107AE7}.Release|x64.Build.0 = Release|Any CPU
		{78094558-E8D8-4DD4-BA61-7E2568107AE7}.Release|x86.ActiveCfg = Release|Any CPU
		{78094558-E8D8-4DD4-BA61-7E2568107AE7}.Release|x86.Build.0 = Release|Any CPU
	EndGlobalSection
	GlobalSection(SolutionProperties) = preSolution
		HideSolutionNode = FALSE
	EndGlobalSection
	GlobalSection(NestedProjects) = preSolution
		{62C23476-6197-48AD-8B58-69884F32CED2} = {827E0CD3-B72D-47B6-A68D-7590B98EB39B}
		{5ECA5ED9-FB30-44C2-B683-34B6BAD664CE} = {827E0CD3-B72D-47B6-A68D-7590B98EB39B}
		{617C86BC-46C9-4A1D-A4C8-E10AD7F9886B} = {07C2787E-EAC7-C090-1BA3-A61EC2A24D84}
		{78094558-E8D8-4DD4-BA61-7E2568107AE7} = {827E0CD3-B72D-47B6-A68D-7590B98EB39B}
	EndGlobalSection
EndGlobal
